
Microsoft Visual Studio Solution File, Format Version 12.00
# Visual Studio 15
VisualStudioVersion = 15.0.28010.2019
MinimumVisualStudioVersion = 10.0.40219.1
Project("{FAE04EC0-301F-11D3-BF4B-00C04F79EFBC}") = "homework3", "homework3\homework3.csproj", "{F67D0394-A986-4D3D-9422-A7DE3FB37861}"
EndProject
Global
	GlobalSection(SolutionConfigurationPlatforms) = preSolution
		Debug|Any CPU = Debug|Any CPU
		Release|Any CPU = Release|Any CPU
	EndGlobalSection
	GlobalSection(ProjectConfigurationPlatforms) = postSolution
		{F67D0394-A986-4D3D-9422-A7DE3FB37861}.Debug|Any CPU.ActiveCfg = Debug|Any CPU
		{F67D0394-A986-4D3D-9422-A7DE3FB37861}.Debug|Any CPU.Build.0 = Debug|Any CPU
		{F67D0394-A986-4D3D-9422-A7DE3FB37861}.Release|Any CPU.ActiveCfg = Release|Any CPU
		{F67D0394-A986-4D3D-9422-A7DE3FB37861}.Release|Any CPU.Build.0 = Release|Any CPU
	EndGlobalSection
	GlobalSection(SolutionProperties) = preSolution
		HideSolutionNode = FALSE
	EndGlobalSection
	GlobalSection(ExtensibilityGlobals) = postSolution
		SolutionGuid = {5F4500E8-F712-4C88-BB0D-2070F147025B}
	EndGlobalSection
EndGlobal
